
Microsoft Visual Studio Solution File, Format Version 12.00
# Visual Studio Version 17
VisualStudioVersion = 17.7.34024.191
MinimumVisualStudioVersion = 10.0.40219.1
Project("{9A19103F-16F7-4668-BE54-9A1E7A4F7556}") = "DemoDataProviderFactory", "DemoDataProviderFactory\DemoDataProviderFactory.csproj", "{ED2480F4-BF7A-4110-BC55-507314C8E7AF}"
EndProject
Global
	GlobalSection(SolutionConfigurationPlatforms) = preSolution
		Debug|Any CPU = Debug|Any CPU
		Release|Any CPU = Release|Any CPU
	EndGlobalSection
	GlobalSection(ProjectConfigurationPlatforms) = postSolution
		{ED2480F4-BF7A-4110-BC55-507314C8E7AF}.Debug|Any CPU.ActiveCfg = Debug|Any CPU
		{ED2480F4-BF7A-4110-BC55-507314C8E7AF}.Debug|Any CPU.Build.0 = Debug|Any CPU
		{ED2480F4-BF7A-4110-BC55-507314C8E7AF}.Release|Any CPU.ActiveCfg = Release|Any CPU
		{ED2480F4-BF7A-4110-BC55-507314C8E7AF}.Release|Any CPU.Build.0 = Release|Any CPU
	EndGlobalSection
	GlobalSection(SolutionProperties) = preSolution
		HideSolutionNode = FALSE
	EndGlobalSection
	GlobalSection(ExtensibilityGlobals) = postSolution
		SolutionGuid = {AC261FB9-D56A-47B4-BD7B-81B29FFF4988}
	EndGlobalSection
EndGlobal
